// !$*UTF8*$!
{
	archiveVersion = 1;
	classes = {
	};
	objectVersion = 56;
	objects = {

/* Begin PBXBuildFile section */
		2F7EB35F29F5F26700AE3A20 /* AudioStatus.swift in Sources */ = {isa = PBXBuildFile; fileRef = 2F7EB35E29F5F26700AE3A20 /* AudioStatus.swift */; };
		2FCA52EF29F0B15B00D619AD /* talosApp.swift in Sources */ = {isa = PBXBuildFile; fileRef = 2FCA52EE29F0B15B00D619AD /* talosApp.swift */; };
		2FCA52F129F0B15B00D619AD /* ContentView.swift in Sources */ = {isa = PBXBuildFile; fileRef = 2FCA52F029F0B15B00D619AD /* ContentView.swift */; };
		2FCA52F329F0B15C00D619AD /* Assets.xcassets in Resources */ = {isa = PBXBuildFile; fileRef = 2FCA52F229F0B15C00D619AD /* Assets.xcassets */; };
		2FCA52F629F0B15C00D619AD /* Preview Assets.xcassets in Resources */ = {isa = PBXBuildFile; fileRef = 2FCA52F529F0B15C00D619AD /* Preview Assets.xcassets */; };
		2FCA52FE29F0B2F000D619AD /* OpenAIClient.swift in Sources */ = {isa = PBXBuildFile; fileRef = 2FCA52FD29F0B2F000D619AD /* OpenAIClient.swift */; };
		2FCA530129F0B6B500D619AD /* Embedding.swift in Sources */ = {isa = PBXBuildFile; fileRef = 2FCA530029F0B6B500D619AD /* Embedding.swift */; };
		2FCA530329F0D0E000D619AD /* OpenAIEmbeddingResponse.swift in Sources */ = {isa = PBXBuildFile; fileRef = 2FCA530229F0D0E000D619AD /* OpenAIEmbeddingResponse.swift */; };
		2FCA530729F0DD0800D619AD /* PineconeClient.swift in Sources */ = {isa = PBXBuildFile; fileRef = 2FCA530629F0DD0800D619AD /* PineconeClient.swift */; };
		2FCA530929F1DDE200D619AD /* PineconeQueryResponse.swift in Sources */ = {isa = PBXBuildFile; fileRef = 2FCA530829F1DDE200D619AD /* PineconeQueryResponse.swift */; };
		2FCA530D29F1E84A00D619AD /* PineconeUpsertResponse.swift in Sources */ = {isa = PBXBuildFile; fileRef = 2FCA530C29F1E84A00D619AD /* PineconeUpsertResponse.swift */; };
		2FCA531029F1EED300D619AD /* Queue.swift in Sources */ = {isa = PBXBuildFile; fileRef = 2FCA530F29F1EED300D619AD /* Queue.swift */; };
		2FCA531229F2056400D619AD /* TaskManager.swift in Sources */ = {isa = PBXBuildFile; fileRef = 2FCA531129F2056400D619AD /* TaskManager.swift */; };
		2FE04C7F29F2649200445B8A /* LLMTask.swift in Sources */ = {isa = PBXBuildFile; fileRef = 2FE04C7E29F2649200445B8A /* LLMTask.swift */; };
		2FE04C8229F274DC00445B8A /* OpenAIChatCompletionResponse.swift in Sources */ = {isa = PBXBuildFile; fileRef = 2FE04C8129F274DC00445B8A /* OpenAIChatCompletionResponse.swift */; };
		2FE04C8729F39C0D00445B8A /* AnyCodable.swift in Sources */ = {isa = PBXBuildFile; fileRef = 2FE04C8629F39C0D00445B8A /* AnyCodable.swift */; };
		2FE04C8A29F4B40300445B8A /* Download.swift in Sources */ = {isa = PBXBuildFile; fileRef = 2FE04C8929F4B40300445B8A /* Download.swift */; };
		2FE04C8C29F5C10400445B8A /* Test.swift in Sources */ = {isa = PBXBuildFile; fileRef = 2FE04C8B29F5C10400445B8A /* Test.swift */; };
		2FE04C8E29F5C7D300445B8A /* SpeechRecognizer.swift in Sources */ = {isa = PBXBuildFile; fileRef = 2FE04C8D29F5C7D300445B8A /* SpeechRecognizer.swift */; };
		2FE04C9229F5D13F00445B8A /* AudioTestView.swift in Sources */ = {isa = PBXBuildFile; fileRef = 2FE04C9129F5D13F00445B8A /* AudioTestView.swift */; };
		2FE2EF5129FC907E00E4D34E /* OpenAIWhisperResponse.swift in Sources */ = {isa = PBXBuildFile; fileRef = 2FE2EF5029FC907E00E4D34E /* OpenAIWhisperResponse.swift */; };
		2FE2EF5329FDADBF00E4D34E /* FileUtils.swift in Sources */ = {isa = PBXBuildFile; fileRef = 2FE2EF5229FDADBF00E4D34E /* FileUtils.swift */; };
		2FE2EF5529FE096000E4D34E /* Transcriber.swift in Sources */ = {isa = PBXBuildFile; fileRef = 2FE2EF5429FE096000E4D34E /* Transcriber.swift */; };
		2FE2EF5829FF3BEF00E4D34E /* Constants.swift in Sources */ = {isa = PBXBuildFile; fileRef = 2FE2EF5729FF3BEF00E4D34E /* Constants.swift */; };
/* End PBXBuildFile section */

/* Begin PBXFileReference section */
		2F7EB35E29F5F26700AE3A20 /* AudioStatus.swift */ = {isa = PBXFileReference; lastKnownFileType = sourcecode.swift; path = AudioStatus.swift; sourceTree = "<group>"; };
		2FCA52EB29F0B15B00D619AD /* talos.app */ = {isa = PBXFileReference; explicitFileType = wrapper.application; includeInIndex = 0; path = talos.app; sourceTree = BUILT_PRODUCTS_DIR; };
		2FCA52EE29F0B15B00D619AD /* talosApp.swift */ = {isa = PBXFileReference; lastKnownFileType = sourcecode.swift; path = talosApp.swift; sourceTree = "<group>"; };
		2FCA52F029F0B15B00D619AD /* ContentView.swift */ = {isa = PBXFileReference; lastKnownFileType = sourcecode.swift; path = ContentView.swift; sourceTree = "<group>"; };
		2FCA52F229F0B15C00D619AD /* Assets.xcassets */ = {isa = PBXFileReference; lastKnownFileType = folder.assetcatalog; path = Assets.xcassets; sourceTree = "<group>"; };
		2FCA52F529F0B15C00D619AD /* Preview Assets.xcassets */ = {isa = PBXFileReference; lastKnownFileType = folder.assetcatalog; path = "Preview Assets.xcassets"; sourceTree = "<group>"; };
		2FCA52FD29F0B2F000D619AD /* OpenAIClient.swift */ = {isa = PBXFileReference; lastKnownFileType = sourcecode.swift; path = OpenAIClient.swift; sourceTree = "<group>"; };
		2FCA530029F0B6B500D619AD /* Embedding.swift */ = {isa = PBXFileReference; lastKnownFileType = sourcecode.swift; path = Embedding.swift; sourceTree = "<group>"; };
		2FCA530229F0D0E000D619AD /* OpenAIEmbeddingResponse.swift */ = {isa = PBXFileReference; lastKnownFileType = sourcecode.swift; path = OpenAIEmbeddingResponse.swift; sourceTree = "<group>"; };
		2FCA530629F0DD0800D619AD /* PineconeClient.swift */ = {isa = PBXFileReference; lastKnownFileType = sourcecode.swift; path = PineconeClient.swift; sourceTree = "<group>"; };
		2FCA530829F1DDE200D619AD /* PineconeQueryResponse.swift */ = {isa = PBXFileReference; lastKnownFileType = sourcecode.swift; path = PineconeQueryResponse.swift; sourceTree = "<group>"; };
		2FCA530C29F1E84A00D619AD /* PineconeUpsertResponse.swift */ = {isa = PBXFileReference; lastKnownFileType = sourcecode.swift; path = PineconeUpsertResponse.swift; sourceTree = "<group>"; };
		2FCA530F29F1EED300D619AD /* Queue.swift */ = {isa = PBXFileReference; lastKnownFileType = sourcecode.swift; path = Queue.swift; sourceTree = "<group>"; };
		2FCA531129F2056400D619AD /* TaskManager.swift */ = {isa = PBXFileReference; lastKnownFileType = sourcecode.swift; path = TaskManager.swift; sourceTree = "<group>"; };
		2FE04C7E29F2649200445B8A /* LLMTask.swift */ = {isa = PBXFileReference; lastKnownFileType = sourcecode.swift; path = LLMTask.swift; sourceTree = "<group>"; };
		2FE04C8129F274DC00445B8A /* OpenAIChatCompletionResponse.swift */ = {isa = PBXFileReference; lastKnownFileType = sourcecode.swift; path = OpenAIChatCompletionResponse.swift; sourceTree = "<group>"; };
		2FE04C8629F39C0D00445B8A /* AnyCodable.swift */ = {isa = PBXFileReference; lastKnownFileType = sourcecode.swift; path = AnyCodable.swift; sourceTree = "<group>"; };
		2FE04C8929F4B40300445B8A /* Download.swift */ = {isa = PBXFileReference; lastKnownFileType = sourcecode.swift; path = Download.swift; sourceTree = "<group>"; };
		2FE04C8B29F5C10400445B8A /* Test.swift */ = {isa = PBXFileReference; lastKnownFileType = sourcecode.swift; path = Test.swift; sourceTree = "<group>"; };
		2FE04C8D29F5C7D300445B8A /* SpeechRecognizer.swift */ = {isa = PBXFileReference; lastKnownFileType = sourcecode.swift; path = SpeechRecognizer.swift; sourceTree = "<group>"; };
		2FE04C9129F5D13F00445B8A /* AudioTestView.swift */ = {isa = PBXFileReference; lastKnownFileType = sourcecode.swift; path = AudioTestView.swift; sourceTree = "<group>"; };
		2FE2EF5029FC907E00E4D34E /* OpenAIWhisperResponse.swift */ = {isa = PBXFileReference; lastKnownFileType = sourcecode.swift; path = OpenAIWhisperResponse.swift; sourceTree = "<group>"; };
		2FE2EF5229FDADBF00E4D34E /* FileUtils.swift */ = {isa = PBXFileReference; lastKnownFileType = sourcecode.swift; path = FileUtils.swift; sourceTree = "<group>"; };
		2FE2EF5429FE096000E4D34E /* Transcriber.swift */ = {isa = PBXFileReference; lastKnownFileType = sourcecode.swift; path = Transcriber.swift; sourceTree = "<group>"; };
		2FE2EF5729FF3BEF00E4D34E /* Constants.swift */ = {isa = PBXFileReference; lastKnownFileType = sourcecode.swift; path = Constants.swift; sourceTree = "<group>"; };
/* End PBXFileReference section */

/* Begin PBXFrameworksBuildPhase section */
		2FCA52E829F0B15B00D619AD /* Frameworks */ = {
			isa = PBXFrameworksBuildPhase;
			buildActionMask = 2147483647;
			files = (
			);
			runOnlyForDeploymentPostprocessing = 0;
		};
/* End PBXFrameworksBuildPhase section */

/* Begin PBXGroup section */
		2FCA52E229F0B15A00D619AD = {
			isa = PBXGroup;
			children = (
				2FCA52ED29F0B15B00D619AD /* talos */,
				2FCA52EC29F0B15B00D619AD /* Products */,
			);
			sourceTree = "<group>";
		};
		2FCA52EC29F0B15B00D619AD /* Products */ = {
			isa = PBXGroup;
			children = (
				2FCA52EB29F0B15B00D619AD /* talos.app */,
			);
			name = Products;
			sourceTree = "<group>";
		};
		2FCA52ED29F0B15B00D619AD /* talos */ = {
			isa = PBXGroup;
			children = (
				2FE2EF5629FF3BE000E4D34E /* Constants */,
				2FE2EF4F29FC887600E4D34E /* App */,
				2FE04C8F29F5D0F900445B8A /* Views */,
				2FE04C8829F39D9F00445B8A /* Helpers */,
				2FE04C8329F38E3200445B8A /* Extensions */,
				2FCA530E29F1EEB900D619AD /* SimpleDataStructures */,
				2FCA530429F0DCE400D619AD /* Pinecone */,
				2FCA52FF29F0B6A600D619AD /* Models */,
				2FCA52FC29F0B2D800D619AD /* OpenAI */,
				2FCA52F029F0B15B00D619AD /* ContentView.swift */,
				2FCA52F229F0B15C00D619AD /* Assets.xcassets */,
				2FCA52F429F0B15C00D619AD /* Preview Content */,
				2FCA531129F2056400D619AD /* TaskManager.swift */,
				2FE04C8B29F5C10400445B8A /* Test.swift */,
			);
			path = talos;
			sourceTree = "<group>";
		};
		2FCA52F429F0B15C00D619AD /* Preview Content */ = {
			isa = PBXGroup;
			children = (
				2FCA52F529F0B15C00D619AD /* Preview Assets.xcassets */,
			);
			path = "Preview Content";
			sourceTree = "<group>";
		};
		2FCA52FC29F0B2D800D619AD /* OpenAI */ = {
			isa = PBXGroup;
			children = (
				2FE04C8029F274BF00445B8A /* Models */,
				2FCA52FD29F0B2F000D619AD /* OpenAIClient.swift */,
			);
			path = OpenAI;
			sourceTree = "<group>";
		};
		2FCA52FF29F0B6A600D619AD /* Models */ = {
			isa = PBXGroup;
			children = (
				2FCA530029F0B6B500D619AD /* Embedding.swift */,
				2FE04C7E29F2649200445B8A /* LLMTask.swift */,
				2FE04C8929F4B40300445B8A /* Download.swift */,
			);
			path = Models;
			sourceTree = "<group>";
		};
		2FCA530429F0DCE400D619AD /* Pinecone */ = {
			isa = PBXGroup;
			children = (
				2FCA530B29F1E83000D619AD /* Models */,
				2FCA530629F0DD0800D619AD /* PineconeClient.swift */,
			);
			path = Pinecone;
			sourceTree = "<group>";
		};
		2FCA530B29F1E83000D619AD /* Models */ = {
			isa = PBXGroup;
			children = (
				2FCA530829F1DDE200D619AD /* PineconeQueryResponse.swift */,
				2FCA530C29F1E84A00D619AD /* PineconeUpsertResponse.swift */,
			);
			path = Models;
			sourceTree = "<group>";
		};
		2FCA530E29F1EEB900D619AD /* SimpleDataStructures */ = {
			isa = PBXGroup;
			children = (
				2FCA530F29F1EED300D619AD /* Queue.swift */,
			);
			path = SimpleDataStructures;
			sourceTree = "<group>";
		};
		2FE04C8029F274BF00445B8A /* Models */ = {
			isa = PBXGroup;
			children = (
				2FCA530229F0D0E000D619AD /* OpenAIEmbeddingResponse.swift */,
				2FE04C8129F274DC00445B8A /* OpenAIChatCompletionResponse.swift */,
				2FE2EF5029FC907E00E4D34E /* OpenAIWhisperResponse.swift */,
			);
			path = Models;
			sourceTree = "<group>";
		};
		2FE04C8329F38E3200445B8A /* Extensions */ = {
			isa = PBXGroup;
			children = (
			);
			path = Extensions;
			sourceTree = "<group>";
		};
		2FE04C8829F39D9F00445B8A /* Helpers */ = {
			isa = PBXGroup;
			children = (
				2FE04C8629F39C0D00445B8A /* AnyCodable.swift */,
				2FE04C8D29F5C7D300445B8A /* SpeechRecognizer.swift */,
				2F7EB35E29F5F26700AE3A20 /* AudioStatus.swift */,
				2FE2EF5229FDADBF00E4D34E /* FileUtils.swift */,
				2FE2EF5429FE096000E4D34E /* Transcriber.swift */,
			);
			path = Helpers;
			sourceTree = "<group>";
		};
		2FE04C8F29F5D0F900445B8A /* Views */ = {
			isa = PBXGroup;
			children = (
				2FE04C9129F5D13F00445B8A /* AudioTestView.swift */,
			);
			path = Views;
			sourceTree = "<group>";
		};
		2FE2EF4F29FC887600E4D34E /* App */ = {
			isa = PBXGroup;
			children = (
				2FCA52EE29F0B15B00D619AD /* talosApp.swift */,
			);
			path = App;
			sourceTree = "<group>";
		};
		2FE2EF5629FF3BE000E4D34E /* Constants */ = {
			isa = PBXGroup;
			children = (
				2FE2EF5729FF3BEF00E4D34E /* Constants.swift */,
			);
			path = Constants;
			sourceTree = "<group>";
		};
/* End PBXGroup section */

/* Begin PBXNativeTarget section */
		2FCA52EA29F0B15B00D619AD /* talos */ = {
			isa = PBXNativeTarget;
			buildConfigurationList = 2FCA52F929F0B15C00D619AD /* Build configuration list for PBXNativeTarget "talos" */;
			buildPhases = (
				2FCA52E729F0B15B00D619AD /* Sources */,
				2FCA52E829F0B15B00D619AD /* Frameworks */,
				2FCA52E929F0B15B00D619AD /* Resources */,
			);
			buildRules = (
			);
			dependencies = (
			);
			name = talos;
			productName = talos;
			productReference = 2FCA52EB29F0B15B00D619AD /* talos.app */;
			productType = "com.apple.product-type.application";
		};
/* End PBXNativeTarget section */

/* Begin PBXProject section */
		2FCA52E329F0B15A00D619AD /* Project object */ = {
			isa = PBXProject;
			attributes = {
				BuildIndependentTargetsInParallel = 1;
				LastSwiftUpdateCheck = 1430;
				LastUpgradeCheck = 1430;
				TargetAttributes = {
					2FCA52EA29F0B15B00D619AD = {
						CreatedOnToolsVersion = 14.3;
					};
				};
			};
			buildConfigurationList = 2FCA52E629F0B15A00D619AD /* Build configuration list for PBXProject "talos" */;
			compatibilityVersion = "Xcode 14.0";
			developmentRegion = en;
			hasScannedForEncodings = 0;
			knownRegions = (
				en,
				Base,
			);
			mainGroup = 2FCA52E229F0B15A00D619AD;
			productRefGroup = 2FCA52EC29F0B15B00D619AD /* Products */;
			projectDirPath = "";
			projectRoot = "";
			targets = (
				2FCA52EA29F0B15B00D619AD /* talos */,
			);
		};
/* End PBXProject section */

/* Begin PBXResourcesBuildPhase section */
		2FCA52E929F0B15B00D619AD /* Resources */ = {
			isa = PBXResourcesBuildPhase;
			buildActionMask = 2147483647;
			files = (
				2FCA52F629F0B15C00D619AD /* Preview Assets.xcassets in Resources */,
				2FCA52F329F0B15C00D619AD /* Assets.xcassets in Resources */,
			);
			runOnlyForDeploymentPostprocessing = 0;
		};
/* End PBXResourcesBuildPhase section */

/* Begin PBXSourcesBuildPhase section */
		2FCA52E729F0B15B00D619AD /* Sources */ = {
			isa = PBXSourcesBuildPhase;
			buildActionMask = 2147483647;
			files = (
				2FCA52F129F0B15B00D619AD /* ContentView.swift in Sources */,
				2FE2EF5829FF3BEF00E4D34E /* Constants.swift in Sources */,
				2FE04C8729F39C0D00445B8A /* AnyCodable.swift in Sources */,
				2F7EB35F29F5F26700AE3A20 /* AudioStatus.swift in Sources */,
				2FE04C9229F5D13F00445B8A /* AudioTestView.swift in Sources */,
				2FE04C8C29F5C10400445B8A /* Test.swift in Sources */,
				2FCA530329F0D0E000D619AD /* OpenAIEmbeddingResponse.swift in Sources */,
				2FCA531229F2056400D619AD /* TaskManager.swift in Sources */,
				2FCA530D29F1E84A00D619AD /* PineconeUpsertResponse.swift in Sources */,
				2FE04C8A29F4B40300445B8A /* Download.swift in Sources */,
				2FE04C7F29F2649200445B8A /* LLMTask.swift in Sources */,
				2FCA530929F1DDE200D619AD /* PineconeQueryResponse.swift in Sources */,
				2FE2EF5329FDADBF00E4D34E /* FileUtils.swift in Sources */,
				2FE04C8229F274DC00445B8A /* OpenAIChatCompletionResponse.swift in Sources */,
				2FCA530129F0B6B500D619AD /* Embedding.swift in Sources */,
				2FCA52EF29F0B15B00D619AD /* talosApp.swift in Sources */,
				2FE04C8E29F5C7D300445B8A /* SpeechRecognizer.swift in Sources */,
				2FCA52FE29F0B2F000D619AD /* OpenAIClient.swift in Sources */,
				2FCA531029F1EED300D619AD /* Queue.swift in Sources */,
				2FE2EF5129FC907E00E4D34E /* OpenAIWhisperResponse.swift in Sources */,
				2FCA530729F0DD0800D619AD /* PineconeClient.swift in Sources */,
				2FE2EF5529FE096000E4D34E /* Transcriber.swift in Sources */,
			);
			runOnlyForDeploymentPostprocessing = 0;
		};
/* End PBXSourcesBuildPhase section */

/* Begin XCBuildConfiguration section */
		2FCA52F729F0B15C00D619AD /* Debug */ = {
			isa = XCBuildConfiguration;
			buildSettings = {
				ALWAYS_SEARCH_USER_PATHS = NO;
				CLANG_ANALYZER_NONNULL = YES;
				CLANG_ANALYZER_NUMBER_OBJECT_CONVERSION = YES_AGGRESSIVE;
				CLANG_CXX_LANGUAGE_STANDARD = "gnu++20";
				CLANG_ENABLE_MODULES = YES;
				CLANG_ENABLE_OBJC_ARC = YES;
				CLANG_ENABLE_OBJC_WEAK = YES;
				CLANG_WARN_BLOCK_CAPTURE_AUTORELEASING = YES;
				CLANG_WARN_BOOL_CONVERSION = YES;
				CLANG_WARN_COMMA = YES;
				CLANG_WARN_CONSTANT_CONVERSION = YES;
				CLANG_WARN_DEPRECATED_OBJC_IMPLEMENTATIONS = YES;
				CLANG_WARN_DIRECT_OBJC_ISA_USAGE = YES_ERROR;
				CLANG_WARN_DOCUMENTATION_COMMENTS = YES;
				CLANG_WARN_EMPTY_BODY = YES;
				CLANG_WARN_ENUM_CONVERSION = YES;
				CLANG_WARN_INFINITE_RECURSION = YES;
				CLANG_WARN_INT_CONVERSION = YES;
				CLANG_WARN_NON_LITERAL_NULL_CONVERSION = YES;
				CLANG_WARN_OBJC_IMPLICIT_RETAIN_SELF = YES;
				CLANG_WARN_OBJC_LITERAL_CONVERSION = YES;
				CLANG_WARN_OBJC_ROOT_CLASS = YES_ERROR;
				CLANG_WARN_QUOTED_INCLUDE_IN_FRAMEWORK_HEADER = YES;
				CLANG_WARN_RANGE_LOOP_ANALYSIS = YES;
				CLANG_WARN_STRICT_PROTOTYPES = YES;
				CLANG_WARN_SUSPICIOUS_MOVE = YES;
				CLANG_WARN_UNGUARDED_AVAILABILITY = YES_AGGRESSIVE;
				CLANG_WARN_UNREACHABLE_CODE = YES;
				CLANG_WARN__DUPLICATE_METHOD_MATCH = YES;
				COPY_PHASE_STRIP = NO;
				DEBUG_INFORMATION_FORMAT = dwarf;
				ENABLE_STRICT_OBJC_MSGSEND = YES;
				ENABLE_TESTABILITY = YES;
				GCC_C_LANGUAGE_STANDARD = gnu11;
				GCC_DYNAMIC_NO_PIC = NO;
				GCC_NO_COMMON_BLOCKS = YES;
				GCC_OPTIMIZATION_LEVEL = 0;
				GCC_PREPROCESSOR_DEFINITIONS = (
					"DEBUG=1",
					"$(inherited)",
				);
				GCC_WARN_64_TO_32_BIT_CONVERSION = YES;
				GCC_WARN_ABOUT_RETURN_TYPE = YES_ERROR;
				GCC_WARN_UNDECLARED_SELECTOR = YES;
				GCC_WARN_UNINITIALIZED_AUTOS = YES_AGGRESSIVE;
				GCC_WARN_UNUSED_FUNCTION = YES;
				GCC_WARN_UNUSED_VARIABLE = YES;
				IPHONEOS_DEPLOYMENT_TARGET = 16.0;
				MTL_ENABLE_DEBUG_INFO = INCLUDE_SOURCE;
				MTL_FAST_MATH = YES;
				ONLY_ACTIVE_ARCH = YES;
				SDKROOT = iphoneos;
				SWIFT_ACTIVE_COMPILATION_CONDITIONS = DEBUG;
				SWIFT_OPTIMIZATION_LEVEL = "-Onone";
			};
			name = Debug;
		};
		2FCA52F829F0B15C00D619AD /* Release */ = {
			isa = XCBuildConfiguration;
			buildSettings = {
				ALWAYS_SEARCH_USER_PATHS = NO;
				CLANG_ANALYZER_NONNULL = YES;
				CLANG_ANALYZER_NUMBER_OBJECT_CONVERSION = YES_AGGRESSIVE;
				CLANG_CXX_LANGUAGE_STANDARD = "gnu++20";
				CLANG_ENABLE_MODULES = YES;
				CLANG_ENABLE_OBJC_ARC = YES;
				CLANG_ENABLE_OBJC_WEAK = YES;
				CLANG_WARN_BLOCK_CAPTURE_AUTORELEASING = YES;
				CLANG_WARN_BOOL_CONVERSION = YES;
				CLANG_WARN_COMMA = YES;
				CLANG_WARN_CONSTANT_CONVERSION = YES;
				CLANG_WARN_DEPRECATED_OBJC_IMPLEMENTATIONS = YES;
				CLANG_WARN_DIRECT_OBJC_ISA_USAGE = YES_ERROR;
				CLANG_WARN_DOCUMENTATION_COMMENTS = YES;
				CLANG_WARN_EMPTY_BODY = YES;
				CLANG_WARN_ENUM_CONVERSION = YES;
				CLANG_WARN_INFINITE_RECURSION = YES;
				CLANG_WARN_INT_CONVERSION = YES;
				CLANG_WARN_NON_LITERAL_NULL_CONVERSION = YES;
				CLANG_WARN_OBJC_IMPLICIT_RETAIN_SELF = YES;
				CLANG_WARN_OBJC_LITERAL_CONVERSION = YES;
				CLANG_WARN_OBJC_ROOT_CLASS = YES_ERROR;
				CLANG_WARN_QUOTED_INCLUDE_IN_FRAMEWORK_HEADER = YES;
				CLANG_WARN_RANGE_LOOP_ANALYSIS = YES;
				CLANG_WARN_STRICT_PROTOTYPES = YES;
				CLANG_WARN_SUSPICIOUS_MOVE = YES;
				CLANG_WARN_UNGUARDED_AVAILABILITY = YES_AGGRESSIVE;
				CLANG_WARN_UNREACHABLE_CODE = YES;
				CLANG_WARN__DUPLICATE_METHOD_MATCH = YES;
				COPY_PHASE_STRIP = NO;
				DEBUG_INFORMATION_FORMAT = "dwarf-with-dsym";
				ENABLE_NS_ASSERTIONS = NO;
				ENABLE_STRICT_OBJC_MSGSEND = YES;
				GCC_C_LANGUAGE_STANDARD = gnu11;
				GCC_NO_COMMON_BLOCKS = YES;
				GCC_WARN_64_TO_32_BIT_CONVERSION = YES;
				GCC_WARN_ABOUT_RETURN_TYPE = YES_ERROR;
				GCC_WARN_UNDECLARED_SELECTOR = YES;
				GCC_WARN_UNINITIALIZED_AUTOS = YES_AGGRESSIVE;
				GCC_WARN_UNUSED_FUNCTION = YES;
				GCC_WARN_UNUSED_VARIABLE = YES;
				IPHONEOS_DEPLOYMENT_TARGET = 16.0;
				MTL_ENABLE_DEBUG_INFO = NO;
				MTL_FAST_MATH = YES;
				SDKROOT = iphoneos;
				SWIFT_COMPILATION_MODE = wholemodule;
				SWIFT_OPTIMIZATION_LEVEL = "-O";
				VALIDATE_PRODUCT = YES;
			};
			name = Release;
		};
		2FCA52FA29F0B15C00D619AD /* Debug */ = {
			isa = XCBuildConfiguration;
			buildSettings = {
				ASSETCATALOG_COMPILER_APPICON_NAME = AppIcon;
				ASSETCATALOG_COMPILER_GLOBAL_ACCENT_COLOR_NAME = AccentColor;
				CODE_SIGN_STYLE = Automatic;
				CURRENT_PROJECT_VERSION = 1;
				DEVELOPMENT_ASSET_PATHS = "\"talos/Preview Content\"";
				DEVELOPMENT_TEAM = G7956HFVVK;
				ENABLE_PREVIEWS = YES;
				GENERATE_INFOPLIST_FILE = YES;
				INFOPLIST_KEY_NSMicrophoneUsageDescription = "Usage for access to microphon";
				INFOPLIST_KEY_NSSpeechRecognitionUsageDescription = "Used for live transcription of input";
				INFOPLIST_KEY_UIApplicationSceneManifest_Generation = YES;
				INFOPLIST_KEY_UIApplicationSupportsIndirectInputEvents = YES;
				INFOPLIST_KEY_UILaunchScreen_Generation = YES;
				INFOPLIST_KEY_UISupportedInterfaceOrientations_iPad = "UIInterfaceOrientationPortrait UIInterfaceOrientationPortraitUpsideDown UIInterfaceOrientationLandscapeLeft UIInterfaceOrientationLandscapeRight";
				INFOPLIST_KEY_UISupportedInterfaceOrientations_iPhone = "UIInterfaceOrientationPortrait UIInterfaceOrientationLandscapeLeft UIInterfaceOrientationLandscapeRight";
				LD_RUNPATH_SEARCH_PATHS = (
					"$(inherited)",
					"@executable_path/Frameworks",
				);
				MARKETING_VERSION = 1.0;
				PRODUCT_BUNDLE_IDENTIFIER = tylertorres.talos;
				PRODUCT_NAME = "$(TARGET_NAME)";
				SWIFT_EMIT_LOC_STRINGS = YES;
				SWIFT_VERSION = 5.0;
				TARGETED_DEVICE_FAMILY = "1,2";
			};
			name = Debug;
		};
		2FCA52FB29F0B15C00D619AD /* Release */ = {
			isa = XCBuildConfiguration;
			buildSettings = {
				ASSETCATALOG_COMPILER_APPICON_NAME = AppIcon;
				ASSETCATALOG_COMPILER_GLOBAL_ACCENT_COLOR_NAME = AccentColor;
				CODE_SIGN_STYLE = Automatic;
				CURRENT_PROJECT_VERSION = 1;
				DEVELOPMENT_ASSET_PATHS = "\"talos/Preview Content\"";
				DEVELOPMENT_TEAM = G7956HFVVK;
				ENABLE_PREVIEWS = YES;
				GENERATE_INFOPLIST_FILE = YES;
				INFOPLIST_KEY_NSMicrophoneUsageDescription = "Usage for access to microphon";
				INFOPLIST_KEY_NSSpeechRecognitionUsageDescription = "Used for live transcription of input";
				INFOPLIST_KEY_UIApplicationSceneManifest_Generation = YES;
				INFOPLIST_KEY_UIApplicationSupportsIndirectInputEvents = YES;
				INFOPLIST_KEY_UILaunchScreen_Generation = YES;
				INFOPLIST_KEY_UISupportedInterfaceOrientations_iPad = "UIInterfaceOrientationPortrait UIInterfaceOrientationPortraitUpsideDown UIInterfaceOrientationLandscapeLeft UIInterfaceOrientationLandscapeRight";
				INFOPLIST_KEY_UISupportedInterfaceOrientations_iPhone = "UIInterfaceOrientationPortrait UIInterfaceOrientationLandscapeLeft UIInterfaceOrientationLandscapeRight";
				LD_RUNPATH_SEARCH_PATHS = (
					"$(inherited)",
					"@executable_path/Frameworks",
				);
				MARKETING_VERSION = 1.0;
				PRODUCT_BUNDLE_IDENTIFIER = tylertorres.talos;
				PRODUCT_NAME = "$(TARGET_NAME)";
				SWIFT_EMIT_LOC_STRINGS = YES;
				SWIFT_VERSION = 5.0;
				TARGETED_DEVICE_FAMILY = "1,2";
			};
			name = Release;
		};
/* End XCBuildConfiguration section */

/* Begin XCConfigurationList section */
		2FCA52E629F0B15A00D619AD /* Build configuration list for PBXProject "talos" */ = {
			isa = XCConfigurationList;
			buildConfigurations = (
				2FCA52F729F0B15C00D619AD /* Debug */,
				2FCA52F829F0B15C00D619AD /* Release */,
			);
			defaultConfigurationIsVisible = 0;
			defaultConfigurationName = Release;
		};
		2FCA52F929F0B15C00D619AD /* Build configuration list for PBXNativeTarget "talos" */ = {
			isa = XCConfigurationList;
			buildConfigurations = (
				2FCA52FA29F0B15C00D619AD /* Debug */,
				2FCA52FB29F0B15C00D619AD /* Release */,
			);
			defaultConfigurationIsVisible = 0;
			defaultConfigurationName = Release;
		};
/* End XCConfigurationList section */
	};
	rootObject = 2FCA52E329F0B15A00D619AD /* Project object */;
}
